
Microsoft Visual Studio Solution File, Format Version 12.00
# Visual Studio Version 17
VisualStudioVersion = 17.7.34018.315
MinimumVisualStudioVersion = 10.0.40219.1
Project("{FAE04EC0-301F-11D3-BF4B-00C04F79EFBC}") = "MestInt1", "MestInt1\MestInt1.csproj", "{C50537AD-D106-4D3D-82D8-1544D82BF974}"
EndProject
Global
	GlobalSection(SolutionConfigurationPlatforms) = preSolution
		Debug|Any CPU = Debug|Any CPU
		Release|Any CPU = Release|Any CPU
	EndGlobalSection
	GlobalSection(ProjectConfigurationPlatforms) = postSolution
		{C50537AD-D106-4D3D-82D8-1544D82BF974}.Debug|Any CPU.ActiveCfg = Debug|Any CPU
		{C50537AD-D106-4D3D-82D8-1544D82BF974}.Debug|Any CPU.Build.0 = Debug|Any CPU
		{C50537AD-D106-4D3D-82D8-1544D82BF974}.Release|Any CPU.ActiveCfg = Release|Any CPU
		{C50537AD-D106-4D3D-82D8-1544D82BF974}.Release|Any CPU.Build.0 = Release|Any CPU
	EndGlobalSection
	GlobalSection(SolutionProperties) = preSolution
		HideSolutionNode = FALSE
	EndGlobalSection
	GlobalSection(ExtensibilityGlobals) = postSolution
		SolutionGuid = {88352538-4CE2-4875-BED3-BE0F15B9FA6C}
	EndGlobalSection
EndGlobal
